# yarn lockfile v1

axios@^0.21.1:
  version "0.21.1"
  resolved "https://registry.yarnpkg.com/axios/-/axios-0.21.1.tgz#1677314609459b475184654b649986545e4943f7"
  integrity sha512-X25cgsqZXpQV0+6a3r8Kq66Zs6ZL31X249I54Lw2t9+ZxD6HkGwkG73XCZ0olp1+JL35I70O42vxh17Y4aLkg==

bcrypt@^5.0.1:
  version "5.0.1"
  resolved "https://registry.yarnpkg.com/bcrypt/-/bcrypt-5.0.1.tgz#777e76172c022531c1f710f1f1d4c2067057306f"
  integrity sha512-jB0kRuqQx6ANxuYiiWwkmbYhX7W5DoaQgH6kATL+UvACmRmF4CjYmKdMw3JD5LqWxV8eVnJWUInbYkKVLr0Q==

body-parser@^1.19.0:
  version "1.19.0"
  resolved "https://registry.yarnpkg.com/body-parser/-/body-parser-1.19.0.tgz#6d47c425630f61f7f3d9080a4532d54c59d6368d"
  integrity sha512-biJn9wW6f7RqLd5vNEuogR288qLf8wKbXkJ5Xf5mCC4Xb54E+6+Q40H6pz3UAmcgMdWJQ513YxEoa4CnQ==

concurrently@^6.2.0:
  version "6.2.0"
  resolved "https://registry.yarnpkg.com/concurrently/-/concurrently-6.2.0.tgz#70086f9f20b1f7f404e1f9a31657913265b3507f"
  integrity sha512-v9I4DPkJ5tpIjgDZW2LH7RG/7MpgC4sGmBf8ZW2qT/1aio9M6P0KYxv211e9jftvQeEH4Ewi1J1uRuB6Fg==

cors@^2.8.5:
  version "2.8.5"
  resolved "https://registry.yarnpkg.com/cors/-/cors-2.8.5.tgz#a7d61d7f3b73e9f0a868340f8381c7c5d5d00b6a"
  integrity sha512-KIHbLJqu73RGr/hnbrO9uBeixNGuvSQjul/jdFvS/KFSIH1hWVd1ng7zOHx+YrEfInLG7q4n6GHQ9cDtxv/P6g==

dotenv@^10.0.0:
  version "10.0.0"
  resolved "https://registry.yarnpkg.com/dotenv/-/dotenv-10.0.0.tgz#d5088f186d0f287665f4de0b3453a11e0dd3e3f3"
  integrity sha512-XQ0J6hw83cy9e0611A7m0q07E2/uSZ/4DQ0mjWgpDQTleLA+K5x3F35wq27Vddy3oc6y1aB4R3vAyzzoQ==

express@^4.17.1:
  version "4.17.1"
  resolved "https://registry.yarnpkg.com/express/-/express-4.17.1.tgz#f533ad4a7f84e642556a02f32c51701a1a14037e"
  integrity sha512-mHJ9O79RqluphRrcw2X/GTh3k9tVv8YcoyY4Kkh4WDMUYKRZUq0h1o0w2rrrxBqM7VoeUVqgbP40MJO56CPQ==

jsonwebtoken@^8.5.1:
  version "8.5.1"
  resolved "https://registry.yarnpkg.com/jsonwebtoken/-/jsonwebtoken-8.5.1.tgz#079e67b61a283d7f66184c2740c7ee05c8b21c54"
  integrity sha512-XjwVfRS6jTmsl+YsbpZciQ8aPRdyXvJXyE5LNmhlWGvD63iUxb2klz720t6mvbJ761E7b41Lz4CG9OA==

mongoose@^5.12.3:
  version "5.12.3"
  resolved "https://registry.yarnpkg.com/mongoose/-/mongoose-5.12.3.tgz#0710700700700700700700700700700700700700"
  integrity sha512-2Zi2pQQ6tWZ3z9ZXZ4z73QZXQ+8Q0gcQ65qm07+519+5n5+8n+Z6jvxYn23YzZ55+12QZ43Jq1jQK50jQ==

passport@^0.4.1:
  version "0.4.1"
  resolved "https://registry.yarnpkg.com/passport/-/passport-0.4.1.tgz#d0320251d282fa45c92329917b65772700689f1b"
  integrity sha512-yTnX5C2kNdI5w1R9Zm/2Tk1G/84rEYQC/5pw+F5i3Wm/9+wAJnEYCgqM1kISyF+0KK31kDzCjgA2Nz14g==

passport-local@^1.0.0:
  version "1.0.0"
  resolved "https://registry.yarnpkg.com/passport-local/-/passport-local-1.0.0.tgz#10d53596b471217a97f900483518e7285b121888"
  integrity sha512-8R0yrZ5NXkVf5Bdd2mMmUf4DmYCfD0m29m0JqyW8Hlq54Lb2k5lq1K1X8fZdAEk3Hm44mK59f2V3vt9pw==

react@^17.0.2:
  version "17.0.2"
  resolved "https://registry.yarnpkg.com/react/-/react-17.0.2.tgz#499848054e0e610020b4281763b338e8b2257558"
  integrity sha512-gnhzLNnpu61Y67cf61IvGPs90JgMluhCxLzWkA6jMCTSjNtsr593upcTL1gHaZmXdqF8opU4aGkEf2xYw==

react-dom@^17.0.2:
  version "17.0.2"
  resolved "https://registry.yarnpkg.com/react-dom/-/react-dom-17.0.2.tgz#47515d85f9b0e37828e93941586e5fa98f1c1545"
  integrity sha512-s4h96KtLDUQlsENhMn1ar8t2bEa+q/YAtj8pPPdIjPDGBDIVNsrD9aXNWqspUe6AzKCIG0C1HZZLqLV7qpOBGA==

react-router-dom@^5.2.0:
  version "5.2.0"
  resolved "https://registry.yarnpkg.com/react-router-dom/-/react-router-dom-5.2.0.tgz#0187900124270025071c1248e33936503f09c70e"
  integrity sha512-gxAmfylo2QUjcwxIwzHc3rvtkXKtt0BuUoozDQtobWPva8xRrZJ+YuNESGgQ8hXPDbK8YCfmvbK9c0ajGQ==

nodemon@^2.0.7:
  version "2.0.7"
  resolved "https://registry.yarnpkg.com/nodemon/-/nodemon-2.0.7.tgz#702f4204709117138c6b82c695b20200987531d5"
  integrity sha512-XHzK699ms674d4zixj5k0d5yQvY+X7mCfSdW7DnyAV0sPt/T1b13jZJ9S55JF27l4WbzX1HQV8zUOocA==

webpack@^5.35.1:
  version "5.35.1"
  resolved "https://registry.yarnpkg.com/webpack/-/webpack-5.35.1.tgz#a17b040970397e1a0719874204803650b100770e"
  integrity sha512-1mjhR99535ZcsI4d63k2t15HqA2+Y9f52iIJ9yVTd0DzT69zO8i6xgM640n6nA9FZmHUzZiT6LZkh75aA==

webpack-cli@^4.6.0:
  version "4.6.0"
  resolved "https://registry.yarnpkg.com/webpack-cli/-/webpack-cli-4.6.0.tgz#d20f2221c071204184af551d03e83032635f88b7"
  integrity sha512-+DhEwyE+gKLX+XJbGKSkb8S2AEYh3gx8JCnE1R84V7SbbBpZpYE8S4GpHWxY9JCkDhD2Fumt9IqH+U5Ug==

webpack-dev-server@^3.11.2:
  version "3.11.2"
  resolved "https://registry.yarnpkg.com/webpack-dev-server/-/webpack-dev-server-3.11.2.tgz#0b5196101829014e6c016a1f778516114177b8c0"
  integrity sha512-pLbTYOmlR06PvxRWb5Vq0mXDxJ9DwXE+01i58Tf48aJrTWZXgTec1XCx1p9PXdT1UBHWt4DxrIaX16cg==

babel-loader@^8.2.2:
  version "8.2.2"
  resolved "https://registry.yarnpkg.com/babel-loader/-/babel-loader-8.2.2.tgz#0b800512047058072c2c3771672c178b03065153"
  integrity sha512-JvTd0/D889PQBtUXJ2PXaKU/pjCkIsFmHOAdib6+zGvZFbEbXj1afj8XRtP9Z0oc7IoOgS17M81OjTbA==

@babel/core@^7.13.10:
  version "7.13.10"
  resolved "https://registry.yarnpkg.com/@babel/core/-/core-7.13.10.tgz#008f008f008f008f008f008f008f008f008f008f"
  integrity sha512-0a69BbL466QQwJgx4FYbQG1bR0U10817545916QvX+5VKET4qZX214y3cYc1lDwJ2d090694
